
Microsoft Visual Studio Solution File, Format Version 12.00
# Visual Studio 15
VisualStudioVersion = 15.0.28307.329
MinimumVisualStudioVersion = 10.0.40219.1
Project("{FAE04EC0-301F-11D3-BF4B-00C04F79EFBC}") = "SuportCases", "SuportCases\SuportCases.csproj", "{C34FA9D1-DBF1-4245-AB95-E4BED7B4118D}"
EndProject
Project("{FAE04EC0-301F-11D3-BF4B-00C04F79EFBC}") = "SuportCases.Tests", "SuportCases.Tests\SuportCases.Tests.csproj", "{9E340D46-0EC5-4028-90EC-61807E4B9D08}"
EndProject
Global
	GlobalSection(SolutionConfigurationPlatforms) = preSolution
		Debug|Any CPU = Debug|Any CPU
		Release|Any CPU = Release|Any CPU
	EndGlobalSection
	GlobalSection(ProjectConfigurationPlatforms) = postSolution
		{C34FA9D1-DBF1-4245-AB95-E4BED7B4118D}.Debug|Any CPU.ActiveCfg = Debug|Any CPU
		{C34FA9D1-DBF1-4245-AB95-E4BED7B4118D}.Debug|Any CPU.Build.0 = Debug|Any CPU
		{C34FA9D1-DBF1-4245-AB95-E4BED7B4118D}.Release|Any CPU.ActiveCfg = Release|Any CPU
		{C34FA9D1-DBF1-4245-AB95-E4BED7B4118D}.Release|Any CPU.Build.0 = Release|Any CPU
		{9E340D46-0EC5-4028-90EC-61807E4B9D08}.Debug|Any CPU.ActiveCfg = Debug|Any CPU
		{9E340D46-0EC5-4028-90EC-61807E4B9D08}.Debug|Any CPU.Build.0 = Debug|Any CPU
		{9E340D46-0EC5-4028-90EC-61807E4B9D08}.Release|Any CPU.ActiveCfg = Release|Any CPU
		{9E340D46-0EC5-4028-90EC-61807E4B9D08}.Release|Any CPU.Build.0 = Release|Any CPU
	EndGlobalSection
	GlobalSection(SolutionProperties) = preSolution
		HideSolutionNode = FALSE
	EndGlobalSection
	GlobalSection(ExtensibilityGlobals) = postSolution
		SolutionGuid = {0CDE1524-B98B-45E7-8FFB-085C945EBB64}
	EndGlobalSection
EndGlobal
